
Microsoft Visual Studio Solution File, Format Version 12.00
# Visual Studio Version 17
VisualStudioVersion = 17.0.31903.59
MinimumVisualStudioVersion = 10.0.40219.1
Project("{2150E333-8FDC-42A3-9474-1A3956D46DE8}") = "src", "src", "{827E0CD3-B72D-47B6-A68D-7590B98EB39B}"
EndProject
Project("{FAE04EC0-301F-11D3-BF4B-00C04F79EFBC}") = "Chirp.cli", "src\Chirp.cli\Chirp.cli.csproj", "{B5FF228D-DB17-4799-8A83-1E340758F178}"
EndProject
Project("{FAE04EC0-301F-11D3-BF4B-00C04F79EFBC}") = "Chirp.CSVDBService", "src\Chirp.CSVDBService\Chirp.CSVDBService.csproj", "{7D6AA609-F69D-46F4-8410-14CEF05BC5CA}"
EndProject
Project("{2150E333-8FDC-42A3-9474-1A3956D46DE8}") = "test", "test", "{0C88DD14-F956-CE84-757C-A364CCF449FC}"
EndProject
Project("{FAE04EC0-301F-11D3-BF4B-00C04F79EFBC}") = "Chirp.cli.Tests", "test\Chirp.cli.Tests\Chirp.cli.Tests.csproj", "{774ECC8C-9371-45CA-9BF3-79B0B108A8F6}"
EndProject
Project("{FAE04EC0-301F-11D3-BF4B-00C04F79EFBC}") = "Chirp.CSVDBService.Tests", "test\Chirp.CSVDBService.Tests\Chirp.CSVDBService.Tests.csproj", "{51D7308A-F4DC-4F39-86BE-50F025C7D747}"
EndProject
Project("{FAE04EC0-301F-11D3-BF4B-00C04F79EFBC}") = "Chirp.Intergration.Tests", "test\Chirp.Intergration.Tests\Chirp.Intergration.Tests.csproj", "{1431E8A9-E20D-49A3-9AEC-C68FD8D9B497}"
EndProject
Global
	GlobalSection(SolutionConfigurationPlatforms) = preSolution
		Debug|Any CPU = Debug|Any CPU
		Debug|x64 = Debug|x64
		Debug|x86 = Debug|x86
		Release|Any CPU = Release|Any CPU
		Release|x64 = Release|x64
		Release|x86 = Release|x86
	EndGlobalSection
	GlobalSection(ProjectConfigurationPlatforms) = postSolution
		{B5FF228D-DB17-4799-8A83-1E340758F178}.Debug|Any CPU.ActiveCfg = Debug|Any CPU
		{B5FF228D-DB17-4799-8A83-1E340758F178}.Debug|Any CPU.Build.0 = Debug|Any CPU
		{B5FF228D-DB17-4799-8A83-1E340758F178}.Debug|x64.ActiveCfg = Debug|Any CPU
		{B5FF228D-DB17-4799-8A83-1E340758F178}.Debug|x64.Build.0 = Debug|Any CPU
		{B5FF228D-DB17-4799-8A83-1E340758F178}.Debug|x86.ActiveCfg = Debug|Any CPU
		{B5FF228D-DB17-4799-8A83-1E340758F178}.Debug|x86.Build.0 = Debug|Any CPU
		{B5FF228D-DB17-4799-8A83-1E340758F178}.Release|Any CPU.ActiveCfg = Release|Any CPU
		{B5FF228D-DB17-4799-8A83-1E340758F178}.Release|Any CPU.Build.0 = Release|Any CPU
		{B5FF228D-DB17-4799-8A83-1E340758F178}.Release|x64.ActiveCfg = Release|Any CPU
		{B5FF228D-DB17-4799-8A83-1E340758F178}.Release|x64.Build.0 = Release|Any CPU
		{B5FF228D-DB17-4799-8A83-1E340758F178}.Release|x86.ActiveCfg = Release|Any CPU
		{B5FF228D-DB17-4799-8A83-1E340758F178}.Release|x86.Build.0 = Release|Any CPU
		{7D6AA609-F69D-46F4-8410-14CEF05BC5CA}.Debug|Any CPU.ActiveCfg = Debug|Any CPU
		{7D6AA609-F69D-46F4-8410-14CEF05BC5CA}.Debug|Any CPU.Build.0 = Debug|Any CPU
		{7D6AA609-F69D-46F4-8410-14CEF05BC5CA}.Debug|x64.ActiveCfg = Debug|Any CPU
		{7D6AA609-F69D-46F4-8410-14CEF05BC5CA}.Debug|x64.Build.0 = Debug|Any CPU
		{7D6AA609-F69D-46F4-8410-14CEF05BC5CA}.Debug|x86.ActiveCfg = Debug|Any CPU
		{7D6AA609-F69D-46F4-8410-14CEF05BC5CA}.Debug|x86.Build.0 = Debug|Any CPU
		{7D6AA609-F69D-46F4-8410-14CEF05BC5CA}.Release|Any CPU.ActiveCfg = Release|Any CPU
		{7D6AA609-F69D-46F4-8410-14CEF05BC5CA}.Release|Any CPU.Build.0 = Release|Any CPU
		{7D6AA609-F69D-46F4-8410-14CEF05BC5CA}.Release|x64.ActiveCfg = Release|Any CPU
		{7D6AA609-F69D-46F4-8410-14CEF05BC5CA}.Release|x64.Build.0 = Release|Any CPU
		{7D6AA609-F69D-46F4-8410-14CEF05BC5CA}.Release|x86.ActiveCfg = Release|Any CPU
		{7D6AA609-F69D-46F4-8410-14CEF05BC5CA}.Release|x86.Build.0 = Release|Any CPU
		{774ECC8C-9371-45CA-9BF3-79B0B108A8F6}.Debug|Any CPU.ActiveCfg = Debug|Any CPU
		{774ECC8C-9371-45CA-9BF3-79B0B108A8F6}.Debug|Any CPU.Build.0 = Debug|Any CPU
		{774ECC8C-9371-45CA-9BF3-79B0B108A8F6}.Debug|x64.ActiveCfg = Debug|Any CPU
		{774ECC8C-9371-45CA-9BF3-79B0B108A8F6}.Debug|x64.Build.0 = Debug|Any CPU
		{774ECC8C-9371-45CA-9BF3-79B0B108A8F6}.Debug|x86.ActiveCfg = Debug|Any CPU
		{774ECC8C-9371-45CA-9BF3-79B0B108A8F6}.Debug|x86.Build.0 = Debug|Any CPU
		{774ECC8C-9371-45CA-9BF3-79B0B108A8F6}.Release|Any CPU.ActiveCfg = Release|Any CPU
		{774ECC8C-9371-45CA-9BF3-79B0B108A8F6}.Release|Any CPU.Build.0 = Release|Any CPU
		{774ECC8C-9371-45CA-9BF3-79B0B108A8F6}.Release|x64.ActiveCfg = Release|Any CPU
		{774ECC8C-9371-45CA-9BF3-79B0B108A8F6}.Release|x64.Build.0 = Release|Any CPU
		{774ECC8C-9371-45CA-9BF3-79B0B108A8F6}.Release|x86.ActiveCfg = Release|Any CPU
		{774ECC8C-9371-45CA-9BF3-79B0B108A8F6}.Release|x86.Build.0 = Release|Any CPU
		{51D7308A-F4DC-4F39-86BE-50F025C7D747}.Debug|Any CPU.ActiveCfg = Debug|Any CPU
		{51D7308A-F4DC-4F39-86BE-50F025C7D747}.Debug|Any CPU.Build.0 = Debug|Any CPU
		{51D7308A-F4DC-4F39-86BE-50F025C7D747}.Debug|x64.ActiveCfg = Debug|Any CPU
		{51D7308A-F4DC-4F39-86BE-50F025C7D747}.Debug|x64.Build.0 = Debug|Any CPU
		{51D7308A-F4DC-4F39-86BE-50F025C7D747}.Debug|x86.ActiveCfg = Debug|Any CPU
		{51D7308A-F4DC-4F39-86BE-50F025C7D747}.Debug|x86.Build.0 = Debug|Any CPU
		{51D7308A-F4DC-4F39-86BE-50F025C7D747}.Release|Any CPU.ActiveCfg = Release|Any CPU
		{51D7308A-F4DC-4F39-86BE-50F025C7D747}.Release|Any CPU.Build.0 = Release|Any CPU
		{51D7308A-F4DC-4F39-86BE-50F025C7D747}.Release|x64.ActiveCfg = Release|Any CPU
		{51D7308A-F4DC-4F39-86BE-50F025C7D747}.Release|x64.Build.0 = Release|Any CPU
		{51D7308A-F4DC-4F39-86BE-50F025C7D747}.Release|x86.ActiveCfg = Release|Any CPU
		{51D7308A-F4DC-4F39-86BE-50F025C7D747}.Release|x86.Build.0 = Release|Any CPU
		{1431E8A9-E20D-49A3-9AEC-C68FD8D9B497}.Debug|Any CPU.ActiveCfg = Debug|Any CPU
		{1431E8A9-E20D-49A3-9AEC-C68FD8D9B497}.Debug|Any CPU.Build.0 = Debug|Any CPU
		{1431E8A9-E20D-49A3-9AEC-C68FD8D9B497}.Debug|x64.ActiveCfg = Debug|Any CPU
		{1431E8A9-E20D-49A3-9AEC-C68FD8D9B497}.Debug|x64.Build.0 = Debug|Any CPU
		{1431E8A9-E20D-49A3-9AEC-C68FD8D9B497}.Debug|x86.ActiveCfg = Debug|Any CPU
		{1431E8A9-E20D-49A3-9AEC-C68FD8D9B497}.Debug|x86.Build.0 = Debug|Any CPU
		{1431E8A9-E20D-49A3-9AEC-C68FD8D9B497}.Release|Any CPU.ActiveCfg = Release|Any CPU
		{1431E8A9-E20D-49A3-9AEC-C68FD8D9B497}.Release|Any CPU.Build.0 = Release|Any CPU
		{1431E8A9-E20D-49A3-9AEC-C68FD8D9B497}.Release|x64.ActiveCfg = Release|Any CPU
		{1431E8A9-E20D-49A3-9AEC-C68FD8D9B497}.Release|x64.Build.0 = Release|Any CPU
		{1431E8A9-E20D-49A3-9AEC-C68FD8D9B497}.Release|x86.ActiveCfg = Release|Any CPU
		{1431E8A9-E20D-49A3-9AEC-C68FD8D9B497}.Release|x86.Build.0 = Release|Any CPU
	EndGlobalSection
	GlobalSection(SolutionProperties) = preSolution
		HideSolutionNode = FALSE
	EndGlobalSection
	GlobalSection(NestedProjects) = preSolution
		{B5FF228D-DB17-4799-8A83-1E340758F178} = {827E0CD3-B72D-47B6-A68D-7590B98EB39B}
		{7D6AA609-F69D-46F4-8410-14CEF05BC5CA} = {827E0CD3-B72D-47B6-A68D-7590B98EB39B}
		{774ECC8C-9371-45CA-9BF3-79B0B108A8F6} = {0C88DD14-F956-CE84-757C-A364CCF449FC}
		{51D7308A-F4DC-4F39-86BE-50F025C7D747} = {0C88DD14-F956-CE84-757C-A364CCF449FC}
		{1431E8A9-E20D-49A3-9AEC-C68FD8D9B497} = {0C88DD14-F956-CE84-757C-A364CCF449FC}
	EndGlobalSection
EndGlobal
